
Microsoft Visual Studio Solution File, Format Version 12.00
# Visual Studio Version 16
VisualStudioVersion = 16.0.29215.179
MinimumVisualStudioVersion = 10.0.40219.1
Project("{9A19103F-16F7-4668-BE54-9A1E7A4F7556}") = "JobCalculator", "JobCalculator\JobCalculator.csproj", "{2329CCF5-2C51-4FFA-A698-803C133FB60D}"
EndProject
Project("{FAE04EC0-301F-11D3-BF4B-00C04F79EFBC}") = "JobCalculator.Tests", "JobCalculator.Tests\JobCalculator.Tests.csproj", "{AC52C04C-1CC1-46A1-B827-E7F81DB8B8E5}"
EndProject
Global
	GlobalSection(SolutionConfigurationPlatforms) = preSolution
		Debug|Any CPU = Debug|Any CPU
		Release|Any CPU = Release|Any CPU
	EndGlobalSection
	GlobalSection(ProjectConfigurationPlatforms) = postSolution
		{2329CCF5-2C51-4FFA-A698-803C133FB60D}.Debug|Any CPU.ActiveCfg = Debug|Any CPU
		{2329CCF5-2C51-4FFA-A698-803C133FB60D}.Debug|Any CPU.Build.0 = Debug|Any CPU
		{2329CCF5-2C51-4FFA-A698-803C133FB60D}.Release|Any CPU.ActiveCfg = Release|Any CPU
		{2329CCF5-2C51-4FFA-A698-803C133FB60D}.Release|Any CPU.Build.0 = Release|Any CPU
		{AC52C04C-1CC1-46A1-B827-E7F81DB8B8E5}.Debug|Any CPU.ActiveCfg = Debug|Any CPU
		{AC52C04C-1CC1-46A1-B827-E7F81DB8B8E5}.Debug|Any CPU.Build.0 = Debug|Any CPU
		{AC52C04C-1CC1-46A1-B827-E7F81DB8B8E5}.Release|Any CPU.ActiveCfg = Release|Any CPU
		{AC52C04C-1CC1-46A1-B827-E7F81DB8B8E5}.Release|Any CPU.Build.0 = Release|Any CPU
	EndGlobalSection
	GlobalSection(SolutionProperties) = preSolution
		HideSolutionNode = FALSE
	EndGlobalSection
	GlobalSection(ExtensibilityGlobals) = postSolution
		SolutionGuid = {C9B3FD88-5650-48D7-A18D-B47F29DE5A20}
	EndGlobalSection
EndGlobal
